{
  "version": 4,
  "terraform_version": "1.8.4",
  "serial": 2,
  "lineage": "3024bb1a-9c51-9728-afe7-86c8671c4bfa",
  "outputs": {
    "ecr_name": {
      "value": "todo-app",
      "type": "string"
    }
  },
  "resources": [
    {
      "mode": "managed",
      "type": "aws_ecr_repository",
      "name": "todo-app",
      "provider": "provider[\"registry.terraform.io/hashicorp/aws\"]",
      "instances": [
        {
          "schema_version": 0,
          "attributes": {
            "arn": "arn:aws:ecr:ap-south-1:448049813469:repository/todo-app",
            "encryption_configuration": [
              {
                "encryption_type": "AES256",
                "kms_key": ""
              }
            ],
            "force_delete": null,
            "id": "todo-app",
            "image_scanning_configuration": [
              {
                "scan_on_push": false
              }
            ],
            "image_tag_mutability": "MUTABLE",
            "name": "todo-app",
            "registry_id": "448049813469",
            "repository_url": "448049813469.dkr.ecr.ap-south-1.amazonaws.com/todo-app",
            "tags": {
              "name": "todo-app"
            },
            "tags_all": {
              "name": "todo-app"
            },
            "timeouts": null
          },
          "sensitive_attributes": [],
          "private": "eyJlMmJmYjczMC1lY2FhLTExZTYtOGY4OC0zNDM2M2JjN2M0YzAiOnsiZGVsZXRlIjoxMjAwMDAwMDAwMDAwfX0="
        }
      ]
    }
  ],
  "check_results": null
}
